
Microsoft Visual Studio Solution File, Format Version 12.00
# Visual Studio 15
VisualStudioVersion = 15.0.28307.421
MinimumVisualStudioVersion = 10.0.40219.1
Project("{FAE04EC0-301F-11D3-BF4B-00C04F79EFBC}") = "Bangazon-Method", "Bangazon-Method\Bangazon-Method.csproj", "{F56473F0-81DA-4D10-9C5C-58B73B63F6F0}"
EndProject
Global
	GlobalSection(SolutionConfigurationPlatforms) = preSolution
		Debug|Any CPU = Debug|Any CPU
		Release|Any CPU = Release|Any CPU
	EndGlobalSection
	GlobalSection(ProjectConfigurationPlatforms) = postSolution
		{F56473F0-81DA-4D10-9C5C-58B73B63F6F0}.Debug|Any CPU.ActiveCfg = Debug|Any CPU
		{F56473F0-81DA-4D10-9C5C-58B73B63F6F0}.Debug|Any CPU.Build.0 = Debug|Any CPU
		{F56473F0-81DA-4D10-9C5C-58B73B63F6F0}.Release|Any CPU.ActiveCfg = Release|Any CPU
		{F56473F0-81DA-4D10-9C5C-58B73B63F6F0}.Release|Any CPU.Build.0 = Release|Any CPU
	EndGlobalSection
	GlobalSection(SolutionProperties) = preSolution
		HideSolutionNode = FALSE
	EndGlobalSection
	GlobalSection(ExtensibilityGlobals) = postSolution
		SolutionGuid = {1E30D433-FD59-4D60-8C2D-2E6E0AF6364F}
	EndGlobalSection
EndGlobal
